Microsoft Visual Studio Solution File, Format Version 11.00
# Visual Studio 2008

Project("{9BD94155-6681-DC4A-7B34-2995EFB093B6}") = "The_Refuge", "Assembly-CSharp-firstpass.csproj", "{D3BD5984-F703-1810-A1D1-DF3B820441D6}"
EndProject
Project("{9BD94155-6681-DC4A-7B34-2995EFB093B6}") = "The_Refuge", "Assembly-CSharp.csproj", "{F2957739-A472-E39A-BB88-6312631250FC}"
EndProject
Project("{9BD94155-6681-DC4A-7B34-2995EFB093B6}") = "The_Refuge", "Assembly-CSharp-Editor-firstpass.csproj", "{A8F6D192-9522-F21C-3F02-1F1B15256C10}"
EndProject
Project("{9BD94155-6681-DC4A-7B34-2995EFB093B6}") = "The_Refuge", "Assembly-CSharp-Editor.csproj", "{1AE8222C-DC33-076F-781D-223BE0CC44D2}"
EndProject
Global
	GlobalSection(SolutionConfigurationPlatforms) = preSolution
		Debug|Any CPU = Debug|Any CPU
		Release|Any CPU = Release|Any CPU
	EndGlobalSection
	GlobalSection(ProjectConfigurationPlatforms) = postSolution
		{D3BD5984-F703-1810-A1D1-DF3B820441D6}.Debug|Any CPU.ActiveCfg = Debug|Any CPU
		{D3BD5984-F703-1810-A1D1-DF3B820441D6}.Debug|Any CPU.Build.0 = Debug|Any CPU
		{D3BD5984-F703-1810-A1D1-DF3B820441D6}.Release|Any CPU.ActiveCfg = Release|Any CPU
		{D3BD5984-F703-1810-A1D1-DF3B820441D6}.Release|Any CPU.Build.0 = Release|Any CPU
		{F2957739-A472-E39A-BB88-6312631250FC}.Debug|Any CPU.ActiveCfg = Debug|Any CPU
		{F2957739-A472-E39A-BB88-6312631250FC}.Debug|Any CPU.Build.0 = Debug|Any CPU
		{F2957739-A472-E39A-BB88-6312631250FC}.Release|Any CPU.ActiveCfg = Release|Any CPU
		{F2957739-A472-E39A-BB88-6312631250FC}.Release|Any CPU.Build.0 = Release|Any CPU
		{A8F6D192-9522-F21C-3F02-1F1B15256C10}.Debug|Any CPU.ActiveCfg = Debug|Any CPU
		{A8F6D192-9522-F21C-3F02-1F1B15256C10}.Debug|Any CPU.Build.0 = Debug|Any CPU
		{A8F6D192-9522-F21C-3F02-1F1B15256C10}.Release|Any CPU.ActiveCfg = Release|Any CPU
		{A8F6D192-9522-F21C-3F02-1F1B15256C10}.Release|Any CPU.Build.0 = Release|Any CPU
		{1AE8222C-DC33-076F-781D-223BE0CC44D2}.Debug|Any CPU.ActiveCfg = Debug|Any CPU
		{1AE8222C-DC33-076F-781D-223BE0CC44D2}.Debug|Any CPU.Build.0 = Debug|Any CPU
		{1AE8222C-DC33-076F-781D-223BE0CC44D2}.Release|Any CPU.ActiveCfg = Release|Any CPU
		{1AE8222C-DC33-076F-781D-223BE0CC44D2}.Release|Any CPU.Build.0 = Release|Any CPU
	EndGlobalSection
	GlobalSection(SolutionProperties) = preSolution
		HideSolutionNode = FALSE
	EndGlobalSection
	GlobalSection(MonoDevelopProperties) = preSolution
		StartupItem = Assembly-CSharp.csproj
	EndGlobalSection
EndGlobal
